
Microsoft Visual Studio Solution File, Format Version 12.00
# Visual Studio Version 17
VisualStudioVersion = 17.3.32929.385
MinimumVisualStudioVersion = 10.0.40219.1
Project("{FAE04EC0-301F-11D3-BF4B-00C04F79EFBC}") = "db-videogames", "db-videogames.csproj", "{52000099-F755-45EF-8A2C-B6B1B2BD7751}"
EndProject
Global
	GlobalSection(SolutionConfigurationPlatforms) = preSolution
		Debug|Any CPU = Debug|Any CPU
		Release|Any CPU = Release|Any CPU
	EndGlobalSection
	GlobalSection(ProjectConfigurationPlatforms) = postSolution
		{52000099-F755-45EF-8A2C-B6B1B2BD7751}.Debug|Any CPU.ActiveCfg = Debug|Any CPU
		{52000099-F755-45EF-8A2C-B6B1B2BD7751}.Debug|Any CPU.Build.0 = Debug|Any CPU
		{52000099-F755-45EF-8A2C-B6B1B2BD7751}.Release|Any CPU.ActiveCfg = Release|Any CPU
		{52000099-F755-45EF-8A2C-B6B1B2BD7751}.Release|Any CPU.Build.0 = Release|Any CPU
	EndGlobalSection
	GlobalSection(SolutionProperties) = preSolution
		HideSolutionNode = FALSE
	EndGlobalSection
	GlobalSection(ExtensibilityGlobals) = postSolution
		SolutionGuid = {6A20EACB-9587-48E3-919A-DF9589BFCEF7}
	EndGlobalSection
EndGlobal
